<?xml version="1.0" encoding="utf-8"?>
<Project ToolsVersion="4.0" xmlns="http://schemas.microsoft.com/developer/msbuild/2003">
  <ItemGroup>
    <ClCompile Include="TB1-V1.cpp" />
  </ItemGroup>
  <ItemGroup>
    <ClInclude Include="Contact.h" />
    <ClInclude Include="ContactList.h" />
    <ClInclude Include="header.h" />
    <ClInclude Include="Intro.h" />
    <ClInclude Include="LeadQueue.h" />
    <ClInclude Include="Opportunities.h" />
    <ClInclude Include="OpportunityList.h" />
    <ClInclude Include="Letras.h" />
    <ClInclude Include="Menu.h" />
    <ClInclude Include="MenuPass.h" />
    <ClInclude Include="Sonidos.h" />
    <ClInclude Include="User.h" />
    <ClInclude Include="FileManager.h" />
    <ClInclude Include="UserList.h" />
    <ClInclude Include="HashTable.h" />
  </ItemGroup>
</Project>